
Microsoft Visual Studio Solution File, Format Version 12.00
# Visual Studio Version 17
VisualStudioVersion = 17.10.35013.160
MinimumVisualStudioVersion = 10.0.40219.1
Project("{2150E333-8FDC-42A3-9474-1A3956D46DE8}") = "src", "src", "{4A49D1A1-6998-47B3-B2FF-008D5DAE9E2F}"
EndProject
Project("{2150E333-8FDC-42A3-9474-1A3956D46DE8}") = "test", "test", "{CEEEF32E-7F6A-4A8E-AD93-4E428122D961}"
EndProject
Project("{9A19103F-16F7-4668-BE54-9A1E7A4F7556}") = "SV.Db", "src\SV.Db\SV.Db.csproj", "{05B16136-593B-4C24-9B3E-801238372FF6}"
EndProject
Project("{9A19103F-16F7-4668-BE54-9A1E7A4F7556}") = "SV.Db.Analyzers", "src\SV.Db.Analyzers\SV.Db.Analyzers.csproj", "{C9956CAA-398C-423A-925E-6196FC4A95C2}"
EndProject
Project("{9A19103F-16F7-4668-BE54-9A1E7A4F7556}") = "UT", "test\UT\UT.csproj", "{28B29A8B-34A3-4B37-9C53-80812FC0CE6E}"
EndProject
Project("{2150E333-8FDC-42A3-9474-1A3956D46DE8}") = "Solution Items", "Solution Items", "{BC9418AB-933E-4995-96DD-C94C6F932570}"
	ProjectSection(SolutionItems) = preProject
		ProjectCommon.targets = ProjectCommon.targets
		README.md = README.md
	EndProjectSection
EndProject
Project("{9A19103F-16F7-4668-BE54-9A1E7A4F7556}") = "Benchmark", "test\Benchmark\Benchmark.csproj", "{64AABB83-0EE5-422E-BBAF-C395B0CDB025}"
EndProject
Project("{2150E333-8FDC-42A3-9474-1A3956D46DE8}") = "brainstorming", "brainstorming", "{4324E5A0-60BE-47AD-ADD3-9733B72E7A36}"
	ProjectSection(SolutionItems) = preProject
		brainstorming\dynamic select restful.md = brainstorming\dynamic select restful.md
	EndProjectSection
EndProject
Project("{FAE04EC0-301F-11D3-BF4B-00C04F79EFBC}") = "SV.Db.Sloth", "src\SV.Db.Sloth\SV.Db.Sloth.csproj", "{8E8DD0DF-76E5-4ADC-917C-FA1FBD0B4304}"
EndProject
Project("{FAE04EC0-301F-11D3-BF4B-00C04F79EFBC}") = "SV.Db.Sloth.SQLite", "src\SV.Db.Sloth.SQLite\SV.Db.Sloth.SQLite.csproj", "{0463CC58-25F1-4B2B-8ECB-FF524A87031F}"
EndProject
Project("{FAE04EC0-301F-11D3-BF4B-00C04F79EFBC}") = "SV.Db.Sloth.MySql", "src\SV.Db.Sloth.MySql\SV.Db.Sloth.MySql.csproj", "{1BCFA823-6F18-45B2-8C67-ABCE9098F4BB}"
EndProject
Project("{FAE04EC0-301F-11D3-BF4B-00C04F79EFBC}") = "SV.Db.Sloth.MSSql", "src\SV.Db.Sloth.MSSql\SV.Db.Sloth.MSSql.csproj", "{D4184F16-2E9B-429D-BC41-29000C428749}"
EndProject
Project("{FAE04EC0-301F-11D3-BF4B-00C04F79EFBC}") = "SV.Db.Sloth.PostgreSQL", "src\SV.Db.Sloth.PostgreSQL\SV.Db.Sloth.PostgreSQL.csproj", "{B244BA4B-7BF3-4ABE-9A6A-D8E3F534EED5}"
EndProject
Project("{FAE04EC0-301F-11D3-BF4B-00C04F79EFBC}") = "RestfulSample", "test\RestfulSample\RestfulSample.csproj", "{B7731C53-DD2B-4F2F-917D-4C42E9299543}"
EndProject
Project("{FAE04EC0-301F-11D3-BF4B-00C04F79EFBC}") = "SV.Db.Sloth.WebApi", "src\SV.Db.Sloth.WebApi\SV.Db.Sloth.WebApi.csproj", "{872C5645-4D8F-4EE2-A447-98AA1D02325A}"
EndProject
Global
	GlobalSection(SolutionConfigurationPlatforms) = preSolution
		Debug|Any CPU = Debug|Any CPU
		Release|Any CPU = Release|Any CPU
	EndGlobalSection
	GlobalSection(ProjectConfigurationPlatforms) = postSolution
		{05B16136-593B-4C24-9B3E-801238372FF6}.Debug|Any CPU.ActiveCfg = Debug|Any CPU
		{05B16136-593B-4C24-9B3E-801238372FF6}.Debug|Any CPU.Build.0 = Debug|Any CPU
		{05B16136-593B-4C24-9B3E-801238372FF6}.Release|Any CPU.ActiveCfg = Release|Any CPU
		{05B16136-593B-4C24-9B3E-801238372FF6}.Release|Any CPU.Build.0 = Release|Any CPU
		{C9956CAA-398C-423A-925E-6196FC4A95C2}.Debug|Any CPU.ActiveCfg = Debug|Any CPU
		{C9956CAA-398C-423A-925E-6196FC4A95C2}.Debug|Any CPU.Build.0 = Debug|Any CPU
		{C9956CAA-398C-423A-925E-6196FC4A95C2}.Release|Any CPU.ActiveCfg = Release|Any CPU
		{C9956CAA-398C-423A-925E-6196FC4A95C2}.Release|Any CPU.Build.0 = Release|Any CPU
		{28B29A8B-34A3-4B37-9C53-80812FC0CE6E}.Debug|Any CPU.ActiveCfg = Debug|Any CPU
		{28B29A8B-34A3-4B37-9C53-80812FC0CE6E}.Debug|Any CPU.Build.0 = Debug|Any CPU
		{28B29A8B-34A3-4B37-9C53-80812FC0CE6E}.Release|Any CPU.ActiveCfg = Release|Any CPU
		{28B29A8B-34A3-4B37-9C53-80812FC0CE6E}.Release|Any CPU.Build.0 = Release|Any CPU
		{64AABB83-0EE5-422E-BBAF-C395B0CDB025}.Debug|Any CPU.ActiveCfg = Debug|Any CPU
		{64AABB83-0EE5-422E-BBAF-C395B0CDB025}.Debug|Any CPU.Build.0 = Debug|Any CPU
		{64AABB83-0EE5-422E-BBAF-C395B0CDB025}.Release|Any CPU.ActiveCfg = Release|Any CPU
		{64AABB83-0EE5-422E-BBAF-C395B0CDB025}.Release|Any CPU.Build.0 = Release|Any CPU
		{8E8DD0DF-76E5-4ADC-917C-FA1FBD0B4304}.Debug|Any CPU.ActiveCfg = Debug|Any CPU
		{8E8DD0DF-76E5-4ADC-917C-FA1FBD0B4304}.Debug|Any CPU.Build.0 = Debug|Any CPU
		{8E8DD0DF-76E5-4ADC-917C-FA1FBD0B4304}.Release|Any CPU.ActiveCfg = Release|Any CPU
		{8E8DD0DF-76E5-4ADC-917C-FA1FBD0B4304}.Release|Any CPU.Build.0 = Release|Any CPU
		{0463CC58-25F1-4B2B-8ECB-FF524A87031F}.Debug|Any CPU.ActiveCfg = Debug|Any CPU
		{0463CC58-25F1-4B2B-8ECB-FF524A87031F}.Debug|Any CPU.Build.0 = Debug|Any CPU
		{0463CC58-25F1-4B2B-8ECB-FF524A87031F}.Release|Any CPU.ActiveCfg = Release|Any CPU
		{0463CC58-25F1-4B2B-8ECB-FF524A87031F}.Release|Any CPU.Build.0 = Release|Any CPU
		{1BCFA823-6F18-45B2-8C67-ABCE9098F4BB}.Debug|Any CPU.ActiveCfg = Debug|Any CPU
		{1BCFA823-6F18-45B2-8C67-ABCE9098F4BB}.Debug|Any CPU.Build.0 = Debug|Any CPU
		{1BCFA823-6F18-45B2-8C67-ABCE9098F4BB}.Release|Any CPU.ActiveCfg = Release|Any CPU
		{1BCFA823-6F18-45B2-8C67-ABCE9098F4BB}.Release|Any CPU.Build.0 = Release|Any CPU
		{D4184F16-2E9B-429D-BC41-29000C428749}.Debug|Any CPU.ActiveCfg = Debug|Any CPU
		{D4184F16-2E9B-429D-BC41-29000C428749}.Debug|Any CPU.Build.0 = Debug|Any CPU
		{D4184F16-2E9B-429D-BC41-29000C428749}.Release|Any CPU.ActiveCfg = Release|Any CPU
		{D4184F16-2E9B-429D-BC41-29000C428749}.Release|Any CPU.Build.0 = Release|Any CPU
		{B244BA4B-7BF3-4ABE-9A6A-D8E3F534EED5}.Debug|Any CPU.ActiveCfg = Debug|Any CPU
		{B244BA4B-7BF3-4ABE-9A6A-D8E3F534EED5}.Debug|Any CPU.Build.0 = Debug|Any CPU
		{B244BA4B-7BF3-4ABE-9A6A-D8E3F534EED5}.Release|Any CPU.ActiveCfg = Release|Any CPU
		{B244BA4B-7BF3-4ABE-9A6A-D8E3F534EED5}.Release|Any CPU.Build.0 = Release|Any CPU
		{B7731C53-DD2B-4F2F-917D-4C42E9299543}.Debug|Any CPU.ActiveCfg = Debug|Any CPU
		{B7731C53-DD2B-4F2F-917D-4C42E9299543}.Debug|Any CPU.Build.0 = Debug|Any CPU
		{B7731C53-DD2B-4F2F-917D-4C42E9299543}.Release|Any CPU.ActiveCfg = Release|Any CPU
		{B7731C53-DD2B-4F2F-917D-4C42E9299543}.Release|Any CPU.Build.0 = Release|Any CPU
		{872C5645-4D8F-4EE2-A447-98AA1D02325A}.Debug|Any CPU.ActiveCfg = Debug|Any CPU
		{872C5645-4D8F-4EE2-A447-98AA1D02325A}.Debug|Any CPU.Build.0 = Debug|Any CPU
		{872C5645-4D8F-4EE2-A447-98AA1D02325A}.Release|Any CPU.ActiveCfg = Release|Any CPU
		{872C5645-4D8F-4EE2-A447-98AA1D02325A}.Release|Any CPU.Build.0 = Release|Any CPU
	EndGlobalSection
	GlobalSection(SolutionProperties) = preSolution
		HideSolutionNode = FALSE
	EndGlobalSection
	GlobalSection(NestedProjects) = preSolution
		{05B16136-593B-4C24-9B3E-801238372FF6} = {4A49D1A1-6998-47B3-B2FF-008D5DAE9E2F}
		{C9956CAA-398C-423A-925E-6196FC4A95C2} = {4A49D1A1-6998-47B3-B2FF-008D5DAE9E2F}
		{28B29A8B-34A3-4B37-9C53-80812FC0CE6E} = {CEEEF32E-7F6A-4A8E-AD93-4E428122D961}
		{64AABB83-0EE5-422E-BBAF-C395B0CDB025} = {CEEEF32E-7F6A-4A8E-AD93-4E428122D961}
		{4324E5A0-60BE-47AD-ADD3-9733B72E7A36} = {BC9418AB-933E-4995-96DD-C94C6F932570}
		{8E8DD0DF-76E5-4ADC-917C-FA1FBD0B4304} = {4A49D1A1-6998-47B3-B2FF-008D5DAE9E2F}
		{0463CC58-25F1-4B2B-8ECB-FF524A87031F} = {4A49D1A1-6998-47B3-B2FF-008D5DAE9E2F}
		{1BCFA823-6F18-45B2-8C67-ABCE9098F4BB} = {4A49D1A1-6998-47B3-B2FF-008D5DAE9E2F}
		{D4184F16-2E9B-429D-BC41-29000C428749} = {4A49D1A1-6998-47B3-B2FF-008D5DAE9E2F}
		{B244BA4B-7BF3-4ABE-9A6A-D8E3F534EED5} = {4A49D1A1-6998-47B3-B2FF-008D5DAE9E2F}
		{B7731C53-DD2B-4F2F-917D-4C42E9299543} = {CEEEF32E-7F6A-4A8E-AD93-4E428122D961}
		{872C5645-4D8F-4EE2-A447-98AA1D02325A} = {4A49D1A1-6998-47B3-B2FF-008D5DAE9E2F}
	EndGlobalSection
	GlobalSection(ExtensibilityGlobals) = postSolution
		SolutionGuid = {2D979697-6C7C-42EF-BB08-F5BF01C6746E}
	EndGlobalSection
EndGlobal
